
Microsoft Visual Studio Solution File, Format Version 12.00
# Visual Studio Version 16
VisualStudioVersion = 16.0.30225.117
MinimumVisualStudioVersion = 10.0.40219.1
Project("{FAE04EC0-301F-11D3-BF4B-00C04F79EFBC}") = "Exercicios02_01", "Exercicios02_01.csproj", "{1A218ABE-FF54-4E3A-A0EE-350554B2F1C0}"
EndProject
Global
	GlobalSection(SolutionConfigurationPlatforms) = preSolution
		Debug|Any CPU = Debug|Any CPU
		Release|Any CPU = Release|Any CPU
	EndGlobalSection
	GlobalSection(ProjectConfigurationPlatforms) = postSolution
		{1A218ABE-FF54-4E3A-A0EE-350554B2F1C0}.Debug|Any CPU.ActiveCfg = Debug|Any CPU
		{1A218ABE-FF54-4E3A-A0EE-350554B2F1C0}.Debug|Any CPU.Build.0 = Debug|Any CPU
		{1A218ABE-FF54-4E3A-A0EE-350554B2F1C0}.Release|Any CPU.ActiveCfg = Release|Any CPU
		{1A218ABE-FF54-4E3A-A0EE-350554B2F1C0}.Release|Any CPU.Build.0 = Release|Any CPU
	EndGlobalSection
	GlobalSection(SolutionProperties) = preSolution
		HideSolutionNode = FALSE
	EndGlobalSection
	GlobalSection(ExtensibilityGlobals) = postSolution
		SolutionGuid = {5D080D70-FFBD-4558-B352-C13A997644E7}
	EndGlobalSection
EndGlobal
