
Microsoft Visual Studio Solution File, Format Version 12.00
# Visual Studio Version 16
VisualStudioVersion = 16.0.30225.117
MinimumVisualStudioVersion = 10.0.40219.1
Project("{FAE04EC0-301F-11D3-BF4B-00C04F79EFBC}") = "Exercicio05", "Exercicio05.csproj", "{C2FEA483-5EAB-4D1A-8CDB-1EE20E1121C8}"
EndProject
Global
	GlobalSection(SolutionConfigurationPlatforms) = preSolution
		Debug|Any CPU = Debug|Any CPU
		Release|Any CPU = Release|Any CPU
	EndGlobalSection
	GlobalSection(ProjectConfigurationPlatforms) = postSolution
		{C2FEA483-5EAB-4D1A-8CDB-1EE20E1121C8}.Debug|Any CPU.ActiveCfg = Debug|Any CPU
		{C2FEA483-5EAB-4D1A-8CDB-1EE20E1121C8}.Debug|Any CPU.Build.0 = Debug|Any CPU
		{C2FEA483-5EAB-4D1A-8CDB-1EE20E1121C8}.Release|Any CPU.ActiveCfg = Release|Any CPU
		{C2FEA483-5EAB-4D1A-8CDB-1EE20E1121C8}.Release|Any CPU.Build.0 = Release|Any CPU
	EndGlobalSection
	GlobalSection(SolutionProperties) = preSolution
		HideSolutionNode = FALSE
	EndGlobalSection
	GlobalSection(ExtensibilityGlobals) = postSolution
		SolutionGuid = {741EDEA1-541E-4198-A3EB-909B48DB69A5}
	EndGlobalSection
EndGlobal
