
Microsoft Visual Studio Solution File, Format Version 12.00
# Visual Studio Version 16
VisualStudioVersion = 16.0.30225.117
MinimumVisualStudioVersion = 10.0.40219.1
Project("{FAE04EC0-301F-11D3-BF4B-00C04F79EFBC}") = "Exercicio04", "Exercicio04.csproj", "{F9189C1E-7028-4457-9A9D-24A161DFF8F4}"
EndProject
Global
	GlobalSection(SolutionConfigurationPlatforms) = preSolution
		Debug|Any CPU = Debug|Any CPU
		Release|Any CPU = Release|Any CPU
	EndGlobalSection
	GlobalSection(ProjectConfigurationPlatforms) = postSolution
		{F9189C1E-7028-4457-9A9D-24A161DFF8F4}.Debug|Any CPU.ActiveCfg = Debug|Any CPU
		{F9189C1E-7028-4457-9A9D-24A161DFF8F4}.Debug|Any CPU.Build.0 = Debug|Any CPU
		{F9189C1E-7028-4457-9A9D-24A161DFF8F4}.Release|Any CPU.ActiveCfg = Release|Any CPU
		{F9189C1E-7028-4457-9A9D-24A161DFF8F4}.Release|Any CPU.Build.0 = Release|Any CPU
	EndGlobalSection
	GlobalSection(SolutionProperties) = preSolution
		HideSolutionNode = FALSE
	EndGlobalSection
	GlobalSection(ExtensibilityGlobals) = postSolution
		SolutionGuid = {BB259DB1-130F-4FBB-897A-9A8D85E975E2}
	EndGlobalSection
EndGlobal
