
Microsoft Visual Studio Solution File, Format Version 12.00
# Visual Studio Version 16
VisualStudioVersion = 16.0.30225.117
MinimumVisualStudioVersion = 10.0.40219.1
Project("{FAE04EC0-301F-11D3-BF4B-00C04F79EFBC}") = "Exercicio03_05", "Exercicio03_05.csproj", "{CA3EC067-648A-41ED-A7B6-24DC405FDDB2}"
EndProject
Global
	GlobalSection(SolutionConfigurationPlatforms) = preSolution
		Debug|Any CPU = Debug|Any CPU
		Release|Any CPU = Release|Any CPU
	EndGlobalSection
	GlobalSection(ProjectConfigurationPlatforms) = postSolution
		{CA3EC067-648A-41ED-A7B6-24DC405FDDB2}.Debug|Any CPU.ActiveCfg = Debug|Any CPU
		{CA3EC067-648A-41ED-A7B6-24DC405FDDB2}.Debug|Any CPU.Build.0 = Debug|Any CPU
		{CA3EC067-648A-41ED-A7B6-24DC405FDDB2}.Release|Any CPU.ActiveCfg = Release|Any CPU
		{CA3EC067-648A-41ED-A7B6-24DC405FDDB2}.Release|Any CPU.Build.0 = Release|Any CPU
	EndGlobalSection
	GlobalSection(SolutionProperties) = preSolution
		HideSolutionNode = FALSE
	EndGlobalSection
	GlobalSection(ExtensibilityGlobals) = postSolution
		SolutionGuid = {6F1C153A-0696-415B-BF1B-D484A7AEBD55}
	EndGlobalSection
EndGlobal
