
Microsoft Visual Studio Solution File, Format Version 12.00
# Visual Studio Version 16
VisualStudioVersion = 16.0.30225.117
MinimumVisualStudioVersion = 10.0.40219.1
Project("{FAE04EC0-301F-11D3-BF4B-00C04F79EFBC}") = "Exercicios02_07", "Exercicios02_07.csproj", "{2211C820-FFAD-4A82-B681-902C45122825}"
EndProject
Global
	GlobalSection(SolutionConfigurationPlatforms) = preSolution
		Debug|Any CPU = Debug|Any CPU
		Release|Any CPU = Release|Any CPU
	EndGlobalSection
	GlobalSection(ProjectConfigurationPlatforms) = postSolution
		{2211C820-FFAD-4A82-B681-902C45122825}.Debug|Any CPU.ActiveCfg = Debug|Any CPU
		{2211C820-FFAD-4A82-B681-902C45122825}.Debug|Any CPU.Build.0 = Debug|Any CPU
		{2211C820-FFAD-4A82-B681-902C45122825}.Release|Any CPU.ActiveCfg = Release|Any CPU
		{2211C820-FFAD-4A82-B681-902C45122825}.Release|Any CPU.Build.0 = Release|Any CPU
	EndGlobalSection
	GlobalSection(SolutionProperties) = preSolution
		HideSolutionNode = FALSE
	EndGlobalSection
	GlobalSection(ExtensibilityGlobals) = postSolution
		SolutionGuid = {AB366F1E-110E-479F-8048-E32786E21CBA}
	EndGlobalSection
EndGlobal
