
Microsoft Visual Studio Solution File, Format Version 12.00
# Visual Studio Version 16
VisualStudioVersion = 16.0.30225.117
MinimumVisualStudioVersion = 10.0.40219.1
Project("{FAE04EC0-301F-11D3-BF4B-00C04F79EFBC}") = "Exercicios02_02", "Exercicios02_02.csproj", "{D10E9EE8-68C5-4973-95D5-699817938A83}"
EndProject
Global
	GlobalSection(SolutionConfigurationPlatforms) = preSolution
		Debug|Any CPU = Debug|Any CPU
		Release|Any CPU = Release|Any CPU
	EndGlobalSection
	GlobalSection(ProjectConfigurationPlatforms) = postSolution
		{D10E9EE8-68C5-4973-95D5-699817938A83}.Debug|Any CPU.ActiveCfg = Debug|Any CPU
		{D10E9EE8-68C5-4973-95D5-699817938A83}.Debug|Any CPU.Build.0 = Debug|Any CPU
		{D10E9EE8-68C5-4973-95D5-699817938A83}.Release|Any CPU.ActiveCfg = Release|Any CPU
		{D10E9EE8-68C5-4973-95D5-699817938A83}.Release|Any CPU.Build.0 = Release|Any CPU
	EndGlobalSection
	GlobalSection(SolutionProperties) = preSolution
		HideSolutionNode = FALSE
	EndGlobalSection
	GlobalSection(ExtensibilityGlobals) = postSolution
		SolutionGuid = {910A2430-8001-437E-835C-BBE146E091FC}
	EndGlobalSection
EndGlobal
