
Microsoft Visual Studio Solution File, Format Version 12.00
# Visual Studio Version 16
VisualStudioVersion = 16.0.30225.117
MinimumVisualStudioVersion = 10.0.40219.1
Project("{FAE04EC0-301F-11D3-BF4B-00C04F79EFBC}") = "Produtos", "Produtos.csproj", "{92CC09CA-B329-4A7C-BFFC-56E62D4FB235}"
EndProject
Global
	GlobalSection(SolutionConfigurationPlatforms) = preSolution
		Debug|Any CPU = Debug|Any CPU
		Release|Any CPU = Release|Any CPU
	EndGlobalSection
	GlobalSection(ProjectConfigurationPlatforms) = postSolution
		{92CC09CA-B329-4A7C-BFFC-56E62D4FB235}.Debug|Any CPU.ActiveCfg = Debug|Any CPU
		{92CC09CA-B329-4A7C-BFFC-56E62D4FB235}.Debug|Any CPU.Build.0 = Debug|Any CPU
		{92CC09CA-B329-4A7C-BFFC-56E62D4FB235}.Release|Any CPU.ActiveCfg = Release|Any CPU
		{92CC09CA-B329-4A7C-BFFC-56E62D4FB235}.Release|Any CPU.Build.0 = Release|Any CPU
	EndGlobalSection
	GlobalSection(SolutionProperties) = preSolution
		HideSolutionNode = FALSE
	EndGlobalSection
	GlobalSection(ExtensibilityGlobals) = postSolution
		SolutionGuid = {8E0C8E8B-CC3C-475C-B6AB-AC08ADACC0E2}
	EndGlobalSection
EndGlobal
