
Microsoft Visual Studio Solution File, Format Version 12.00
# Visual Studio Version 16
VisualStudioVersion = 16.0.30225.117
MinimumVisualStudioVersion = 10.0.40219.1
Project("{FAE04EC0-301F-11D3-BF4B-00C04F79EFBC}") = "Exercicios02_05", "Exercicios02_05.csproj", "{E0AF3746-4CFD-4AAB-A8F8-4ECD805F0953}"
EndProject
Global
	GlobalSection(SolutionConfigurationPlatforms) = preSolution
		Debug|Any CPU = Debug|Any CPU
		Release|Any CPU = Release|Any CPU
	EndGlobalSection
	GlobalSection(ProjectConfigurationPlatforms) = postSolution
		{E0AF3746-4CFD-4AAB-A8F8-4ECD805F0953}.Debug|Any CPU.ActiveCfg = Debug|Any CPU
		{E0AF3746-4CFD-4AAB-A8F8-4ECD805F0953}.Debug|Any CPU.Build.0 = Debug|Any CPU
		{E0AF3746-4CFD-4AAB-A8F8-4ECD805F0953}.Release|Any CPU.ActiveCfg = Release|Any CPU
		{E0AF3746-4CFD-4AAB-A8F8-4ECD805F0953}.Release|Any CPU.Build.0 = Release|Any CPU
	EndGlobalSection
	GlobalSection(SolutionProperties) = preSolution
		HideSolutionNode = FALSE
	EndGlobalSection
	GlobalSection(ExtensibilityGlobals) = postSolution
		SolutionGuid = {A4FFF9C9-A4CB-40B7-8555-267A6DDBA378}
	EndGlobalSection
EndGlobal
