
Microsoft Visual Studio Solution File, Format Version 12.00
# Visual Studio Version 16
VisualStudioVersion = 16.0.30225.117
MinimumVisualStudioVersion = 10.0.40219.1
Project("{FAE04EC0-301F-11D3-BF4B-00C04F79EFBC}") = "Exercicio03_06", "Exercicio03_06.csproj", "{044058D3-FA62-49D2-80BE-5F03A8D1CCD8}"
EndProject
Global
	GlobalSection(SolutionConfigurationPlatforms) = preSolution
		Debug|Any CPU = Debug|Any CPU
		Release|Any CPU = Release|Any CPU
	EndGlobalSection
	GlobalSection(ProjectConfigurationPlatforms) = postSolution
		{044058D3-FA62-49D2-80BE-5F03A8D1CCD8}.Debug|Any CPU.ActiveCfg = Debug|Any CPU
		{044058D3-FA62-49D2-80BE-5F03A8D1CCD8}.Debug|Any CPU.Build.0 = Debug|Any CPU
		{044058D3-FA62-49D2-80BE-5F03A8D1CCD8}.Release|Any CPU.ActiveCfg = Release|Any CPU
		{044058D3-FA62-49D2-80BE-5F03A8D1CCD8}.Release|Any CPU.Build.0 = Release|Any CPU
	EndGlobalSection
	GlobalSection(SolutionProperties) = preSolution
		HideSolutionNode = FALSE
	EndGlobalSection
	GlobalSection(ExtensibilityGlobals) = postSolution
		SolutionGuid = {29673CC3-47D5-4362-8E8C-E30F1A75A7B0}
	EndGlobalSection
EndGlobal
