
Microsoft Visual Studio Solution File, Format Version 12.00
# Visual Studio Version 16
VisualStudioVersion = 16.0.30225.117
MinimumVisualStudioVersion = 10.0.40219.1
Project("{FAE04EC0-301F-11D3-BF4B-00C04F79EFBC}") = "Exercicio03_02", "Exercicio03_02.csproj", "{8B84D8E6-AB58-46C6-88A6-D0FAB1246EB8}"
EndProject
Global
	GlobalSection(SolutionConfigurationPlatforms) = preSolution
		Debug|Any CPU = Debug|Any CPU
		Release|Any CPU = Release|Any CPU
	EndGlobalSection
	GlobalSection(ProjectConfigurationPlatforms) = postSolution
		{8B84D8E6-AB58-46C6-88A6-D0FAB1246EB8}.Debug|Any CPU.ActiveCfg = Debug|Any CPU
		{8B84D8E6-AB58-46C6-88A6-D0FAB1246EB8}.Debug|Any CPU.Build.0 = Debug|Any CPU
		{8B84D8E6-AB58-46C6-88A6-D0FAB1246EB8}.Release|Any CPU.ActiveCfg = Release|Any CPU
		{8B84D8E6-AB58-46C6-88A6-D0FAB1246EB8}.Release|Any CPU.Build.0 = Release|Any CPU
	EndGlobalSection
	GlobalSection(SolutionProperties) = preSolution
		HideSolutionNode = FALSE
	EndGlobalSection
	GlobalSection(ExtensibilityGlobals) = postSolution
		SolutionGuid = {3BCAC472-5F81-4ED1-90B5-3D89CD0AE548}
	EndGlobalSection
EndGlobal
